
Microsoft Visual Studio Solution File, Format Version 12.00
# Visual Studio Version 17
VisualStudioVersion = 17.5.33530.505
MinimumVisualStudioVersion = 10.0.40219.1
Project("{9A19103F-16F7-4668-BE54-9A1E7A4F7556}") = "HouseRent_Api", "HouseRent_Api\HouseRent_Api.csproj", "{5D50B497-6199-421E-84FA-BA645F323DA4}"
EndProject
Project("{9A19103F-16F7-4668-BE54-9A1E7A4F7556}") = "HappyHouse_Utility", "HappyHouse_Utility\HappyHouse_Utility.csproj", "{2D77FA43-7D25-4357-B655-6F872B1C0C23}"
EndProject
Project("{9A19103F-16F7-4668-BE54-9A1E7A4F7556}") = "HappyHouse", "HappyHouse\HappyHouse.csproj", "{7C7BB169-DC56-4065-806F-90FB2D71EEEA}"
EndProject
Global
	GlobalSection(SolutionConfigurationPlatforms) = preSolution
		Debug|Any CPU = Debug|Any CPU
		Release|Any CPU = Release|Any CPU
	EndGlobalSection
	GlobalSection(ProjectConfigurationPlatforms) = postSolution
		{5D50B497-6199-421E-84FA-BA645F323DA4}.Debug|Any CPU.ActiveCfg = Debug|Any CPU
		{5D50B497-6199-421E-84FA-BA645F323DA4}.Debug|Any CPU.Build.0 = Debug|Any CPU
		{5D50B497-6199-421E-84FA-BA645F323DA4}.Release|Any CPU.ActiveCfg = Release|Any CPU
		{5D50B497-6199-421E-84FA-BA645F323DA4}.Release|Any CPU.Build.0 = Release|Any CPU
		{2D77FA43-7D25-4357-B655-6F872B1C0C23}.Debug|Any CPU.ActiveCfg = Debug|Any CPU
		{2D77FA43-7D25-4357-B655-6F872B1C0C23}.Debug|Any CPU.Build.0 = Debug|Any CPU
		{2D77FA43-7D25-4357-B655-6F872B1C0C23}.Release|Any CPU.ActiveCfg = Release|Any CPU
		{2D77FA43-7D25-4357-B655-6F872B1C0C23}.Release|Any CPU.Build.0 = Release|Any CPU
		{7C7BB169-DC56-4065-806F-90FB2D71EEEA}.Debug|Any CPU.ActiveCfg = Debug|Any CPU
		{7C7BB169-DC56-4065-806F-90FB2D71EEEA}.Debug|Any CPU.Build.0 = Debug|Any CPU
		{7C7BB169-DC56-4065-806F-90FB2D71EEEA}.Release|Any CPU.ActiveCfg = Release|Any CPU
		{7C7BB169-DC56-4065-806F-90FB2D71EEEA}.Release|Any CPU.Build.0 = Release|Any CPU
	EndGlobalSection
	GlobalSection(SolutionProperties) = preSolution
		HideSolutionNode = FALSE
	EndGlobalSection
	GlobalSection(ExtensibilityGlobals) = postSolution
		SolutionGuid = {1839DA99-4E99-496E-B903-EBC925EC9FE0}
	EndGlobalSection
EndGlobal
